
Microsoft Visual Studio Solution File, Format Version 12.00
# Visual Studio Version 17
VisualStudioVersion = 17.7.34031.279
MinimumVisualStudioVersion = 10.0.40219.1
Project("{FAE04EC0-301F-11D3-BF4B-00C04F79EFBC}") = "Exercicio02", "Exercicio02\Exercicio02.csproj", "{D62B1ADF-17B8-49F7-87C0-6DE2FAFDE0F9}"
EndProject
Global
	GlobalSection(SolutionConfigurationPlatforms) = preSolution
		Debug|Any CPU = Debug|Any CPU
		Release|Any CPU = Release|Any CPU
	EndGlobalSection
	GlobalSection(ProjectConfigurationPlatforms) = postSolution
		{D62B1ADF-17B8-49F7-87C0-6DE2FAFDE0F9}.Debug|Any CPU.ActiveCfg = Debug|Any CPU
		{D62B1ADF-17B8-49F7-87C0-6DE2FAFDE0F9}.Debug|Any CPU.Build.0 = Debug|Any CPU
		{D62B1ADF-17B8-49F7-87C0-6DE2FAFDE0F9}.Release|Any CPU.ActiveCfg = Release|Any CPU
		{D62B1ADF-17B8-49F7-87C0-6DE2FAFDE0F9}.Release|Any CPU.Build.0 = Release|Any CPU
	EndGlobalSection
	GlobalSection(SolutionProperties) = preSolution
		HideSolutionNode = FALSE
	EndGlobalSection
	GlobalSection(ExtensibilityGlobals) = postSolution
		SolutionGuid = {B7559B28-58EC-4AA6-8720-14EF76A89CCB}
	EndGlobalSection
EndGlobal
