
Microsoft Visual Studio Solution File, Format Version 12.00
# Visual Studio Version 17
VisualStudioVersion = 17.7.34031.279
MinimumVisualStudioVersion = 10.0.40219.1
Project("{FAE04EC0-301F-11D3-BF4B-00C04F79EFBC}") = "Exercicio01", "Exercicio01\Exercicio01.csproj", "{71DA1803-DB10-4F03-B253-37D73A4E098B}"
EndProject
Global
	GlobalSection(SolutionConfigurationPlatforms) = preSolution
		Debug|Any CPU = Debug|Any CPU
		Release|Any CPU = Release|Any CPU
	EndGlobalSection
	GlobalSection(ProjectConfigurationPlatforms) = postSolution
		{71DA1803-DB10-4F03-B253-37D73A4E098B}.Debug|Any CPU.ActiveCfg = Debug|Any CPU
		{71DA1803-DB10-4F03-B253-37D73A4E098B}.Debug|Any CPU.Build.0 = Debug|Any CPU
		{71DA1803-DB10-4F03-B253-37D73A4E098B}.Release|Any CPU.ActiveCfg = Release|Any CPU
		{71DA1803-DB10-4F03-B253-37D73A4E098B}.Release|Any CPU.Build.0 = Release|Any CPU
	EndGlobalSection
	GlobalSection(SolutionProperties) = preSolution
		HideSolutionNode = FALSE
	EndGlobalSection
	GlobalSection(ExtensibilityGlobals) = postSolution
		SolutionGuid = {C9234882-F8D1-40D5-9B36-A10A0B8AC51E}
	EndGlobalSection
EndGlobal
